
Microsoft Visual Studio Solution File, Format Version 12.00
# Visual Studio Version 18
VisualStudioVersion = 18.0.11205.157
MinimumVisualStudioVersion = 10.0.40219.1
Project("{FAE04EC0-301F-11D3-BF4B-00C04F79EFBC}") = "GithubUpdaterExecutable", "GithubUpdaterExecutable\GithubUpdaterExecutable.csproj", "{3FE49AB5-5307-93A2-9E49-A07F021A747E}"
EndProject
Project("{FAE04EC0-301F-11D3-BF4B-00C04F79EFBC}") = "GithubUpdaterPatcher", "GithubUpdaterPatcher\GithubUpdaterPatcher.csproj", "{C5498902-FF1C-C233-AD91-59ABA6224A71}"
EndProject
Global
	GlobalSection(SolutionConfigurationPlatforms) = preSolution
		Debug|Any CPU = Debug|Any CPU
		Release|Any CPU = Release|Any CPU
	EndGlobalSection
	GlobalSection(ProjectConfigurationPlatforms) = postSolution
		{3FE49AB5-5307-93A2-9E49-A07F021A747E}.Debug|Any CPU.ActiveCfg = Debug|Any CPU
		{3FE49AB5-5307-93A2-9E49-A07F021A747E}.Debug|Any CPU.Build.0 = Debug|Any CPU
		{3FE49AB5-5307-93A2-9E49-A07F021A747E}.Release|Any CPU.ActiveCfg = Release|Any CPU
		{3FE49AB5-5307-93A2-9E49-A07F021A747E}.Release|Any CPU.Build.0 = Release|Any CPU
		{C5498902-FF1C-C233-AD91-59ABA6224A71}.Debug|Any CPU.ActiveCfg = Debug|Any CPU
		{C5498902-FF1C-C233-AD91-59ABA6224A71}.Debug|Any CPU.Build.0 = Debug|Any CPU
		{C5498902-FF1C-C233-AD91-59ABA6224A71}.Release|Any CPU.ActiveCfg = Release|Any CPU
		{C5498902-FF1C-C233-AD91-59ABA6224A71}.Release|Any CPU.Build.0 = Release|Any CPU
	EndGlobalSection
	GlobalSection(SolutionProperties) = preSolution
		HideSolutionNode = FALSE
	EndGlobalSection
	GlobalSection(ExtensibilityGlobals) = postSolution
		SolutionGuid = {A8CD0DD7-7E78-4E32-8CDF-E9E5B13610DD}
	EndGlobalSection
EndGlobal
